{
  "nodes": {
    "ZOT": {
      "flake": false,
      "locked": {
        "lastModified": 1773186054,
        "narHash": "sha256-tw5R30s3OzA4ZnysOb1yl+j6qspi7Unsh1H53YpFWwk=",
        "owner": "project-zot",
        "repo": "zot",
        "rev": "8f0bf18d7eddbfbd84c2a77693241362602987ff",
        "type": "github"
      },
      "original": {
        "owner": "project-zot",
        "repo": "zot",
        "type": "github"
      }
    },
    "ZUI": {
      "flake": false,
      "locked": {
        "lastModified": 1771667175,
        "narHash": "sha256-WjOBnINKwHb/B9iweg3Tt2Jdbg4jFgjE7lGJ57X6hF4=",
        "owner": "project-zot",
        "repo": "zui",
        "rev": "111cb8e40e5e3dd4e9641820e8795a13c19b8154",
        "type": "github"
      },
      "original": {
        "owner": "project-zot",
        "repo": "zui",
        "type": "github"
      }
    },
    "environments": {
      "inputs": {
        "flake": "flake"
      },
      "locked": {
        "lastModified": 1774559617,
        "narHash": "sha256-as/0uBpQ6oTAn/5tmz8nAf+LE1F/sV7DCSsCD+7Mlsg=",
        "ref": "refs/heads/main",
        "rev": "286a7976517904ba06f302a939072cd3edfa9073",
        "revCount": 9,
        "type": "git",
        "url": "ssh://git@github.com/marksisson/environments"
      },
      "original": {
        "type": "git",
        "url": "ssh://git@github.com/marksisson/environments"
      }
    },
    "flake": {
      "inputs": {
        "std": "std"
      },
      "locked": {
        "lastModified": 1774559559,
        "narHash": "sha256-mTwHJ7rIEzZqn7EC7HeX1C68kvlq5CvgHOBrF39vwdQ=",
        "ref": "refs/heads/main",
        "rev": "8414feeeb62c4f2cdd9ddea5e16f0742f5841e87",
        "revCount": 87,
        "type": "git",
        "url": "ssh://git@github.com/marksisson/flake"
      },
      "original": {
        "type": "git",
        "url": "ssh://git@github.com/marksisson/flake"
      }
    },
    "flake-parts": {
      "inputs": {
        "nixpkgs-lib": "nixpkgs-lib"
      },
      "locked": {
        "lastModified": 1772408722,
        "narHash": "sha256-rHuJtdcOjK7rAHpHphUb1iCvgkU3GpfvicLMwwnfMT0=",
        "owner": "hercules-ci",
        "repo": "flake-parts",
        "rev": "f20dc5d9b8027381c474144ecabc9034d6a839a3",
        "type": "github"
      },
      "original": {
        "owner": "hercules-ci",
        "repo": "flake-parts",
        "type": "github"
      }
    },
    "flake-parts_2": {
      "inputs": {
        "nixpkgs-lib": "nixpkgs-lib_2"
      },
      "locked": {
        "lastModified": 1772408722,
        "narHash": "sha256-rHuJtdcOjK7rAHpHphUb1iCvgkU3GpfvicLMwwnfMT0=",
        "owner": "hercules-ci",
        "repo": "flake-parts",
        "rev": "f20dc5d9b8027381c474144ecabc9034d6a839a3",
        "type": "github"
      },
      "original": {
        "owner": "hercules-ci",
        "repo": "flake-parts",
        "type": "github"
      }
    },
    "flake_2": {
      "inputs": {
        "std": "std_2"
      },
      "locked": {
        "lastModified": 1774559559,
        "narHash": "sha256-mTwHJ7rIEzZqn7EC7HeX1C68kvlq5CvgHOBrF39vwdQ=",
        "ref": "refs/heads/main",
        "rev": "8414feeeb62c4f2cdd9ddea5e16f0742f5841e87",
        "revCount": 87,
        "type": "git",
        "url": "ssh://git@github.com/marksisson/flake"
      },
      "original": {
        "type": "git",
        "url": "ssh://git@github.com/marksisson/flake"
      }
    },
    "main": {
      "inputs": {
        "ZOT": "ZOT",
        "ZUI": "ZUI",
        "flake": "flake_2"
      },
      "locked": {
        "path": "../..",
        "type": "path"
      },
      "original": {
        "path": "../..",
        "type": "path"
      },
      "parent": []
    },
    "nixpkgs-lib": {
      "locked": {
        "lastModified": 1772328832,
        "narHash": "sha256-e+/T/pmEkLP6BHhYjx6GmwP5ivonQQn0bJdH9YrRB+Q=",
        "owner": "nix-community",
        "repo": "nixpkgs.lib",
        "rev": "c185c7a5e5dd8f9add5b2f8ebeff00888b070742",
        "type": "github"
      },
      "original": {
        "owner": "nix-community",
        "repo": "nixpkgs.lib",
        "type": "github"
      }
    },
    "nixpkgs-lib_2": {
      "locked": {
        "lastModified": 1772328832,
        "narHash": "sha256-e+/T/pmEkLP6BHhYjx6GmwP5ivonQQn0bJdH9YrRB+Q=",
        "owner": "nix-community",
        "repo": "nixpkgs.lib",
        "rev": "c185c7a5e5dd8f9add5b2f8ebeff00888b070742",
        "type": "github"
      },
      "original": {
        "owner": "nix-community",
        "repo": "nixpkgs.lib",
        "type": "github"
      }
    },
    "root": {
      "inputs": {
        "environments": "environments",
        "main": "main"
      }
    },
    "std": {
      "inputs": {
        "flake-parts": "flake-parts"
      },
      "locked": {
        "lastModified": 1774222653,
        "narHash": "sha256-DRSD+d6GR+QuJuocA3boL6AIKfdMInbAPbrupys2HP0=",
        "ref": "refs/heads/main",
        "rev": "1e9d432a07f458411d9446f4dfd0761f478dd73f",
        "revCount": 40,
        "type": "git",
        "url": "ssh://git@github.com/marksisson/std"
      },
      "original": {
        "type": "git",
        "url": "ssh://git@github.com/marksisson/std"
      }
    },
    "std_2": {
      "inputs": {
        "flake-parts": "flake-parts_2"
      },
      "locked": {
        "lastModified": 1774222653,
        "narHash": "sha256-DRSD+d6GR+QuJuocA3boL6AIKfdMInbAPbrupys2HP0=",
        "ref": "refs/heads/main",
        "rev": "1e9d432a07f458411d9446f4dfd0761f478dd73f",
        "revCount": 40,
        "type": "git",
        "url": "ssh://git@github.com/marksisson/std"
      },
      "original": {
        "type": "git",
        "url": "ssh://git@github.com/marksisson/std"
      }
    }
  },
  "root": "root",
  "version": 7
}
