{
  "nodes": {
    "ZOT": {
      "flake": false,
      "locked": {
        "lastModified": 1779081686,
        "narHash": "sha256-/1QEMpDq8okaVWhaynlJ+tE1b6AObUnHfHrmnylBKL0=",
        "owner": "project-zot",
        "repo": "zot",
        "rev": "08b26876daaeb5ebc138775f103586cb7aa475fd",
        "type": "github"
      },
      "original": {
        "owner": "project-zot",
        "ref": "v2.1.17",
        "repo": "zot",
        "type": "github"
      }
    },
    "ZUI": {
      "flake": false,
      "locked": {
        "lastModified": 1781210629,
        "narHash": "sha256-p3blw9ydULOHJ8ZzGXnT9hHe8r6RiotU+ZYOR4QOGLw=",
        "owner": "project-zot",
        "repo": "zui",
        "rev": "89a04ea495c43116d657247987709b2e8e20a953",
        "type": "github"
      },
      "original": {
        "owner": "project-zot",
        "repo": "zui",
        "type": "github"
      }
    },
    "channel": {
      "locked": {
        "lastModified": 1782175435,
        "narHash": "sha256-EMzXKmnOtBQ2MnvpiNOm7E+kOMvdPrIKaeg52Tip2Uk=",
        "owner": "nixos",
        "repo": "nixpkgs",
        "rev": "89570f24e97e614aa34aa9ab1c927b6578a43775",
        "type": "github"
      },
      "original": {
        "owner": "nixos",
        "ref": "nixpkgs-unstable",
        "repo": "nixpkgs",
        "type": "github"
      }
    },
    "core": {
      "inputs": {
        "default": "default",
        "flake-parts": "flake-parts",
        "nixpkgs": [
          "flake",
          "core",
          "default",
          "channel"
        ]
      },
      "locked": {
        "lastModified": 1782832355,
        "narHash": "sha256-fWk2aFlXHZVb5UedDOYhQ9P/tmDNymcRUaIM5jztBaQ=",
        "owner": "nixology",
        "repo": "core.nix",
        "rev": "e64b4587a2397bd7d4890dffd1f5abaa80d7c35a",
        "type": "github"
      },
      "original": {
        "owner": "nixology",
        "repo": "core.nix",
        "type": "github"
      }
    },
    "default": {
      "inputs": {
        "channel": "channel"
      },
      "locked": {
        "dir": "nixpkgs-unstable",
        "lastModified": 1782487550,
        "narHash": "sha256-3FNlJjDJ8D8W+q+uS6REnSWf0EnbE7wFq3JUVhP7CXw=",
        "owner": "nixology",
        "repo": "channels.nix",
        "rev": "8af490517a58ad6d0954470ed1c16c0b639f975d",
        "type": "github"
      },
      "original": {
        "dir": "nixpkgs-unstable",
        "owner": "nixology",
        "repo": "channels.nix",
        "type": "github"
      }
    },
    "flake": {
      "inputs": {
        "core": "core"
      },
      "locked": {
        "lastModified": 1782833104,
        "narHash": "sha256-Sxj1sFL+YtiI8ccLJdzUYFjT6Pv+M6GjxA/YVJAQSP0=",
        "owner": "nixology",
        "repo": "flake.nix",
        "rev": "a89859710ceba3eeb9dac38f562ffa0be371019a",
        "type": "github"
      },
      "original": {
        "owner": "nixology",
        "repo": "flake.nix",
        "type": "github"
      }
    },
    "flake-parts": {
      "inputs": {
        "nixpkgs-lib": "nixpkgs-lib"
      },
      "locked": {
        "lastModified": 1778716662,
        "narHash": "sha256-m1Yf0wZ8j1OHjTc2UwHwyQRSnNeSgLJOd7q5Y45hzi4=",
        "owner": "hercules-ci",
        "repo": "flake-parts",
        "rev": "f7c1a2d347e4c52d5fb8d10cb4d94b5884e546fb",
        "type": "github"
      },
      "original": {
        "owner": "hercules-ci",
        "repo": "flake-parts",
        "type": "github"
      }
    },
    "nixpkgs-lib": {
      "locked": {
        "lastModified": 1777168982,
        "narHash": "sha256-GOkGPcboWE9BmGCRMLX3worL4EMnsnG8MyKmXNeYuhQ=",
        "owner": "nix-community",
        "repo": "nixpkgs.lib",
        "rev": "f5901329dade4a6ea039af1433fb087bd9c1fe14",
        "type": "github"
      },
      "original": {
        "owner": "nix-community",
        "repo": "nixpkgs.lib",
        "type": "github"
      }
    },
    "root": {
      "inputs": {
        "ZOT": "ZOT",
        "ZUI": "ZUI",
        "flake": "flake"
      }
    }
  },
  "root": "root",
  "version": 7
}
