{
  "nodes": {
    "ZOT": {
      "flake": false,
      "locked": {
        "lastModified": 1779081686,
        "narHash": "sha256-/1QEMpDq8okaVWhaynlJ+tE1b6AObUnHfHrmnylBKL0=",
        "owner": "project-zot",
        "repo": "zot",
        "rev": "08b26876daaeb5ebc138775f103586cb7aa475fd",
        "type": "github"
      },
      "original": {
        "owner": "project-zot",
        "ref": "v2.1.17",
        "repo": "zot",
        "type": "github"
      }
    },
    "ZUI": {
      "flake": false,
      "locked": {
        "lastModified": 1783095572,
        "narHash": "sha256-W31GeAyW9yT/nj9GKyZjcBN1jhfdB1Vay4ujj8Ydiek=",
        "owner": "project-zot",
        "repo": "zui",
        "rev": "22d742d8aef2b628a5b4df5970a588eb7b22f1bf",
        "type": "github"
      },
      "original": {
        "owner": "project-zot",
        "repo": "zui",
        "type": "github"
      }
    },
    "channel": {
      "locked": {
        "lastModified": 1782175435,
        "narHash": "sha256-EMzXKmnOtBQ2MnvpiNOm7E+kOMvdPrIKaeg52Tip2Uk=",
        "owner": "nixos",
        "repo": "nixpkgs",
        "rev": "89570f24e97e614aa34aa9ab1c927b6578a43775",
        "type": "github"
      },
      "original": {
        "owner": "nixos",
        "ref": "nixpkgs-unstable",
        "repo": "nixpkgs",
        "type": "github"
      }
    },
    "core": {
      "inputs": {
        "default": "default",
        "flake-parts": "flake-parts",
        "nixpkgs": [
          "flake",
          "core",
          "default",
          "channel"
        ]
      },
      "locked": {
        "lastModified": 1783092059,
        "narHash": "sha256-uTuopZCKlbUjAOtPO176g7XmlKnXiROIzxF6X/vA+WU=",
        "owner": "nixology",
        "repo": "core.nix",
        "rev": "6fa51e4c656be7450a79c09f0916149a737c320a",
        "type": "github"
      },
      "original": {
        "owner": "nixology",
        "repo": "core.nix",
        "type": "github"
      }
    },
    "default": {
      "inputs": {
        "channel": "channel"
      },
      "locked": {
        "dir": "nixpkgs-unstable",
        "lastModified": 1782487550,
        "narHash": "sha256-3FNlJjDJ8D8W+q+uS6REnSWf0EnbE7wFq3JUVhP7CXw=",
        "owner": "nixology",
        "repo": "channels.nix",
        "rev": "8af490517a58ad6d0954470ed1c16c0b639f975d",
        "type": "github"
      },
      "original": {
        "dir": "nixpkgs-unstable",
        "owner": "nixology",
        "repo": "channels.nix",
        "type": "github"
      }
    },
    "flake": {
      "inputs": {
        "core": "core"
      },
      "locked": {
        "lastModified": 1783347148,
        "narHash": "sha256-CYcTeZFJMewtYNlTvoGK+3C85bB9u4cAO9xNK+z+UUk=",
        "owner": "nixology",
        "repo": "flake.nix",
        "rev": "c8e597a2fe1ea4094c080ecfe1b50999f35d72be",
        "type": "github"
      },
      "original": {
        "owner": "nixology",
        "repo": "flake.nix",
        "type": "github"
      }
    },
    "flake-parts": {
      "inputs": {
        "nixpkgs-lib": "nixpkgs-lib"
      },
      "locked": {
        "lastModified": 1782949081,
        "narHash": "sha256-vp6Y/Grm98ESt6ceOkWiHWyZRDV3J1RID4w+6NWK9yA=",
        "owner": "hercules-ci",
        "repo": "flake-parts",
        "rev": "17c9d6cdfc60c64f4ee8d306f9bc0b4ccb51481e",
        "type": "github"
      },
      "original": {
        "owner": "hercules-ci",
        "repo": "flake-parts",
        "type": "github"
      }
    },
    "nixpkgs-lib": {
      "locked": {
        "lastModified": 1782614948,
        "narHash": "sha256-ePjCwr1sNm9NYUqywL7QfK3JnlS015msC+eBu2zKlp8=",
        "owner": "nix-community",
        "repo": "nixpkgs.lib",
        "rev": "db3f255737b94216eb71cce308e2912cf6bc2d7c",
        "type": "github"
      },
      "original": {
        "owner": "nix-community",
        "repo": "nixpkgs.lib",
        "type": "github"
      }
    },
    "root": {
      "inputs": {
        "ZOT": "ZOT",
        "ZUI": "ZUI",
        "flake": "flake"
      }
    }
  },
  "root": "root",
  "version": 7
}
